
Microsoft Visual Studio Solution File, Format Version 12.00
# Visual Studio 15
VisualStudioVersion = 15.0.28307.136
MinimumVisualStudioVersion = 10.0.40219.1
Project("{FAE04EC0-301F-11D3-BF4B-00C04F79EFBC}") = "AtomicReactor", "AtomicReactor.csproj", "{72E924F4-8B39-459F-93FD-FA183DA23E09}"
EndProject
Project("{FAE04EC0-301F-11D3-BF4B-00C04F79EFBC}") = "Tests", "..\Tests\Tests.csproj", "{455A4244-2B74-48B1-A0EA-00B42C0DDED3}"
EndProject
Global
	GlobalSection(SolutionConfigurationPlatforms) = preSolution
		Debug|Any CPU = Debug|Any CPU
		Release|Any CPU = Release|Any CPU
	EndGlobalSection
	GlobalSection(ProjectConfigurationPlatforms) = postSolution
		{72E924F4-8B39-459F-93FD-FA183DA23E09}.Debug|Any CPU.ActiveCfg = Debug|Any CPU
		{72E924F4-8B39-459F-93FD-FA183DA23E09}.Debug|Any CPU.Build.0 = Debug|Any CPU
		{72E924F4-8B39-459F-93FD-FA183DA23E09}.Release|Any CPU.ActiveCfg = Release|Any CPU
		{72E924F4-8B39-459F-93FD-FA183DA23E09}.Release|Any CPU.Build.0 = Release|Any CPU
		{455A4244-2B74-48B1-A0EA-00B42C0DDED3}.Debug|Any CPU.ActiveCfg = Debug|Any CPU
		{455A4244-2B74-48B1-A0EA-00B42C0DDED3}.Debug|Any CPU.Build.0 = Debug|Any CPU
		{455A4244-2B74-48B1-A0EA-00B42C0DDED3}.Release|Any CPU.ActiveCfg = Release|Any CPU
		{455A4244-2B74-48B1-A0EA-00B42C0DDED3}.Release|Any CPU.Build.0 = Release|Any CPU
	EndGlobalSection
	GlobalSection(SolutionProperties) = preSolution
		HideSolutionNode = FALSE
	EndGlobalSection
	GlobalSection(ExtensibilityGlobals) = postSolution
		SolutionGuid = {8F77A61B-8AF6-455B-AA0A-F7DE6AEF94BB}
	EndGlobalSection
EndGlobal
